Microsoft Visual Studio Solution File, Format Version 12.00
# Visual Studio Version 17
VisualStudioVersion = 17.1.32407.343
MinimumVisualStudioVersion = 10.0.40219.1
Project("{9A19103F-16F7-4668-BE54-9A1E7A4F7556}") = "FpsOverlayer", "FpsOverlayer\FpsOverlayer.csproj", "{5A3A03C7-095D-46E6-A588-BFB9A1A2C547}"
EndProject
Project("{9A19103F-16F7-4668-BE54-9A1E7A4F7556}") = "ArnoldVinkCode", "..\ArnoldVinkCode\Desktop\ArnoldVinkCode.csproj", "{7958A167-08A0-4F0F-812C-D9EA2904887B}"
EndProject
Project("{FAE04EC0-301F-11D3-BF4B-00C04F79EFBC}") = "ArnoldVinkStyles", "..\ArnoldVinkStyles\WPF\ArnoldVinkStyles.csproj", "{2F5C33C0-ECF3-83E1-E8D8-E79AFD02A798}"
EndProject
Global
	GlobalSection(SolutionConfigurationPlatforms) = preSolution
		Debug|ARM64 = Debug|ARM64
		Debug|x64 = Debug|x64
		Debug|x86 = Debug|x86
		Release|ARM64 = Release|ARM64
		Release|x64 = Release|x64
		Release|x86 = Release|x86
	EndGlobalSection
	GlobalSection(ProjectConfigurationPlatforms) = postSolution
		{5A3A03C7-095D-46E6-A588-BFB9A1A2C547}.Debug|ARM64.ActiveCfg = Debug|ARM64
		{5A3A03C7-095D-46E6-A588-BFB9A1A2C547}.Debug|ARM64.Build.0 = Debug|ARM64
		{5A3A03C7-095D-46E6-A588-BFB9A1A2C547}.Debug|x64.ActiveCfg = Debug|x64
		{5A3A03C7-095D-46E6-A588-BFB9A1A2C547}.Debug|x64.Build.0 = Debug|x64
		{5A3A03C7-095D-46E6-A588-BFB9A1A2C547}.Debug|x86.ActiveCfg = Debug|x86
		{5A3A03C7-095D-46E6-A588-BFB9A1A2C547}.Debug|x86.Build.0 = Debug|x86
		{5A3A03C7-095D-46E6-A588-BFB9A1A2C547}.Release|ARM64.ActiveCfg = Release|ARM64
		{5A3A03C7-095D-46E6-A588-BFB9A1A2C547}.Release|ARM64.Build.0 = Release|ARM64
		{5A3A03C7-095D-46E6-A588-BFB9A1A2C547}.Release|x64.ActiveCfg = Release|x64
		{5A3A03C7-095D-46E6-A588-BFB9A1A2C547}.Release|x64.Build.0 = Release|x64
		{5A3A03C7-095D-46E6-A588-BFB9A1A2C547}.Release|x86.ActiveCfg = Release|x86
		{5A3A03C7-095D-46E6-A588-BFB9A1A2C547}.Release|x86.Build.0 = Release|x86
		{7958A167-08A0-4F0F-812C-D9EA2904887B}.Debug|ARM64.ActiveCfg = Debug|ARM64
		{7958A167-08A0-4F0F-812C-D9EA2904887B}.Debug|ARM64.Build.0 = Debug|ARM64
		{7958A167-08A0-4F0F-812C-D9EA2904887B}.Debug|x64.ActiveCfg = Debug|x64
		{7958A167-08A0-4F0F-812C-D9EA2904887B}.Debug|x64.Build.0 = Debug|x64
		{7958A167-08A0-4F0F-812C-D9EA2904887B}.Debug|x86.ActiveCfg = Debug|x86
		{7958A167-08A0-4F0F-812C-D9EA2904887B}.Debug|x86.Build.0 = Debug|x86
		{7958A167-08A0-4F0F-812C-D9EA2904887B}.Release|ARM64.ActiveCfg = Release|ARM64
		{7958A167-08A0-4F0F-812C-D9EA2904887B}.Release|ARM64.Build.0 = Release|ARM64
		{7958A167-08A0-4F0F-812C-D9EA2904887B}.Release|x64.ActiveCfg = Release|x64
		{7958A167-08A0-4F0F-812C-D9EA2904887B}.Release|x64.Build.0 = Release|x64
		{7958A167-08A0-4F0F-812C-D9EA2904887B}.Release|x86.ActiveCfg = Release|x86
		{7958A167-08A0-4F0F-812C-D9EA2904887B}.Release|x86.Build.0 = Release|x86
		{2F5C33C0-ECF3-83E1-E8D8-E79AFD02A798}.Debug|ARM64.ActiveCfg = Debug|ARM64
		{2F5C33C0-ECF3-83E1-E8D8-E79AFD02A798}.Debug|ARM64.Build.0 = Debug|ARM64
		{2F5C33C0-ECF3-83E1-E8D8-E79AFD02A798}.Debug|x64.ActiveCfg = Debug|x64
		{2F5C33C0-ECF3-83E1-E8D8-E79AFD02A798}.Debug|x64.Build.0 = Debug|x64
		{2F5C33C0-ECF3-83E1-E8D8-E79AFD02A798}.Debug|x86.ActiveCfg = Debug|x86
		{2F5C33C0-ECF3-83E1-E8D8-E79AFD02A798}.Debug|x86.Build.0 = Debug|x86
		{2F5C33C0-ECF3-83E1-E8D8-E79AFD02A798}.Release|ARM64.ActiveCfg = Release|ARM64
		{2F5C33C0-ECF3-83E1-E8D8-E79AFD02A798}.Release|ARM64.Build.0 = Release|ARM64
		{2F5C33C0-ECF3-83E1-E8D8-E79AFD02A798}.Release|x64.ActiveCfg = Release|x64
		{2F5C33C0-ECF3-83E1-E8D8-E79AFD02A798}.Release|x64.Build.0 = Release|x64
		{2F5C33C0-ECF3-83E1-E8D8-E79AFD02A798}.Release|x86.ActiveCfg = Release|x86
		{2F5C33C0-ECF3-83E1-E8D8-E79AFD02A798}.Release|x86.Build.0 = Release|x86
	EndGlobalSection
	GlobalSection(SolutionProperties) = preSolution
		HideSolutionNode = FALSE
	EndGlobalSection
	GlobalSection(ExtensibilityGlobals) = postSolution
		SolutionGuid = {C2168005-BB1E-43C0-9D52-E66070457168}
	EndGlobalSection
EndGlobal
